// !$*UTF8*$!
{
	archiveVersion = 1;
	classes = {
	};
	objectVersion = 46;
	objects = {

/* Begin PBXBuildFile section */
		E1AB43291EAA09A900130763 /* NSString+StringSize.m in Sources */ = {isa = PBXBuildFile; fileRef = E1AB43281EAA09A900130763 /* NSString+StringSize.m */; };
		E1CCF8141EA0C8D8001FC70D /* main.m in Sources */ = {isa = PBXBuildFile; fileRef = E1CCF8131EA0C8D8001FC70D /* main.m */; };
		E1CCF8171EA0C8D8001FC70D /* AppDelegate.m in Sources */ = {isa = PBXBuildFile; fileRef = E1CCF8161EA0C8D8001FC70D /* AppDelegate.m */; };
		E1CCF81A1EA0C8D8001FC70D /* ViewController.m in Sources */ = {isa = PBXBuildFile; fileRef = E1CCF8191EA0C8D8001FC70D /* ViewController.m */; };
		E1CCF81D1EA0C8D8001FC70D /* Main.storyboard in Resources */ = {isa = PBXBuildFile; fileRef = E1CCF81B1EA0C8D8001FC70D /* Main.storyboard */; };
		E1CCF81F1EA0C8D8001FC70D /* Assets.xcassets in Resources */ = {isa = PBXBuildFile; fileRef = E1CCF81E1EA0C8D8001FC70D /* Assets.xcassets */; };
		E1CCF8221EA0C8D8001FC70D /* LaunchScreen.storyboard in Resources */ = {isa = PBXBuildFile; fileRef = E1CCF8201EA0C8D8001FC70D /* LaunchScreen.storyboard */; };
		E1CCF82C1EA0C928001FC70D /* HImageUtility.m in Sources */ = {isa = PBXBuildFile; fileRef = E1CCF82B1EA0C928001FC70D /* HImageUtility.m */; };
/* End PBXBuildFile section */

/* Begin PBXFileReference section */
		E1AB43271EAA09A900130763 /* NSString+StringSize.h */ = {isa = PBXFileReference; fileEncoding = 4; lastKnownFileType = sourcecode.c.h; path = "NSString+StringSize.h"; sourceTree = "<group>"; };
		E1AB43281EAA09A900130763 /* NSString+StringSize.m */ = {isa = PBXFileReference; fileEncoding = 4; lastKnownFileType = sourcecode.c.objc; path = "NSString+StringSize.m"; sourceTree = "<group>"; };
		E1CCF80F1EA0C8D8001FC70D /* 图片处理.app */ = {isa = PBXFileReference; explicitFileType = wrapper.application; includeInIndex = 0; path = "图片处理.app"; sourceTree = BUILT_PRODUCTS_DIR; };
		E1CCF8131EA0C8D8001FC70D /* main.m */ = {isa = PBXFileReference; lastKnownFileType = sourcecode.c.objc; path = main.m; sourceTree = "<group>"; };
		E1CCF8151EA0C8D8001FC70D /* AppDelegate.h */ = {isa = PBXFileReference; lastKnownFileType = sourcecode.c.h; name = AppDelegate.h; path = "图片处理/AppDelegate.h"; sourceTree = "<group>"; };
		E1CCF8161EA0C8D8001FC70D /* AppDelegate.m */ = {isa = PBXFileReference; lastKnownFileType = sourcecode.c.objc; name = AppDelegate.m; path = "图片处理/AppDelegate.m"; sourceTree = "<group>"; };
		E1CCF8181EA0C8D8001FC70D /* ViewController.h */ = {isa = PBXFileReference; lastKnownFileType = sourcecode.c.h; path = ViewController.h; sourceTree = "<group>"; };
		E1CCF8191EA0C8D8001FC70D /* ViewController.m */ = {isa = PBXFileReference; lastKnownFileType = sourcecode.c.objc; path = ViewController.m; sourceTree = "<group>"; };
		E1CCF81C1EA0C8D8001FC70D /* Base */ = {isa = PBXFileReference; lastKnownFileType = file.storyboard; name = Base; path = Base.lproj/Main.storyboard; sourceTree = "<group>"; };
		E1CCF81E1EA0C8D8001FC70D /* Assets.xcassets */ = {isa = PBXFileReference; lastKnownFileType = folder.assetcatalog; name = Assets.xcassets; path = "图片处理/Assets.xcassets"; sourceTree = "<group>"; };
		E1CCF8211EA0C8D8001FC70D /* Base */ = {isa = PBXFileReference; lastKnownFileType = file.storyboard; name = Base; path = Base.lproj/LaunchScreen.storyboard; sourceTree = "<group>"; };
		E1CCF8231EA0C8D8001FC70D /* Info.plist */ = {isa = PBXFileReference; lastKnownFileType = text.plist.xml; path = Info.plist; sourceTree = "<group>"; };
		E1CCF8291EA0C928001FC70D /* ColorUtils.h */ = {isa = PBXFileReference; fileEncoding = 4; lastKnownFileType = sourcecode.c.h; path = ColorUtils.h; sourceTree = "<group>"; };
		E1CCF82A1EA0C928001FC70D /* HImageUtility.h */ = {isa = PBXFileReference; fileEncoding = 4; lastKnownFileType = sourcecode.c.h; path = HImageUtility.h; sourceTree = "<group>"; };
		E1CCF82B1EA0C928001FC70D /* HImageUtility.m */ = {isa = PBXFileReference; fileEncoding = 4; lastKnownFileType = sourcecode.c.objc; path = HImageUtility.m; sourceTree = "<group>"; };
/* End PBXFileReference section */

/* Begin PBXFrameworksBuildPhase section */
		E1CCF80C1EA0C8D8001FC70D /* Frameworks */ = {
			isa = PBXFrameworksBuildPhase;
			buildActionMask = 2147483647;
			files = (
			);
			runOnlyForDeploymentPostprocessing = 0;
		};
/* End PBXFrameworksBuildPhase section */

/* Begin PBXGroup section */
		E1CCF8061EA0C8D8001FC70D = {
			isa = PBXGroup;
			children = (
				E1CCF8151EA0C8D8001FC70D /* AppDelegate.h */,
				E1CCF8161EA0C8D8001FC70D /* AppDelegate.m */,
				E1CCF81E1EA0C8D8001FC70D /* Assets.xcassets */,
				E1CCF8111EA0C8D8001FC70D /* 图片处理 */,
				E1CCF8101EA0C8D8001FC70D /* Products */,
			);
			sourceTree = "<group>";
		};
		E1CCF8101EA0C8D8001FC70D /* Products */ = {
			isa = PBXGroup;
			children = (
				E1CCF80F1EA0C8D8001FC70D /* 图片处理.app */,
			);
			name = Products;
			sourceTree = "<group>";
		};
		E1CCF8111EA0C8D8001FC70D /* 图片处理 */ = {
			isa = PBXGroup;
			children = (
				E1CCF8181EA0C8D8001FC70D /* ViewController.h */,
				E1CCF8191EA0C8D8001FC70D /* ViewController.m */,
				E1CCF8291EA0C928001FC70D /* ColorUtils.h */,
				E1CCF82A1EA0C928001FC70D /* HImageUtility.h */,
				E1CCF82B1EA0C928001FC70D /* HImageUtility.m */,
				E1AB43271EAA09A900130763 /* NSString+StringSize.h */,
				E1AB43281EAA09A900130763 /* NSString+StringSize.m */,
				E1CCF8121EA0C8D8001FC70D /* Supporting Files */,
			);
			path = "图片处理";
			sourceTree = "<group>";
		};
		E1CCF8121EA0C8D8001FC70D /* Supporting Files */ = {
			isa = PBXGroup;
			children = (
				E1CCF81B1EA0C8D8001FC70D /* Main.storyboard */,
				E1CCF8201EA0C8D8001FC70D /* LaunchScreen.storyboard */,
				E1CCF8231EA0C8D8001FC70D /* Info.plist */,
				E1CCF8131EA0C8D8001FC70D /* main.m */,
			);
			name = "Supporting Files";
			sourceTree = "<group>";
		};
/* End PBXGroup section */

/* Begin PBXNativeTarget section */
		E1CCF80E1EA0C8D8001FC70D /* 图片处理 */ = {
			isa = PBXNativeTarget;
			buildConfigurationList = E1CCF8261EA0C8D8001FC70D /* Build configuration list for PBXNativeTarget "图片处理" */;
			buildPhases = (
				E1CCF80B1EA0C8D8001FC70D /* Sources */,
				E1CCF80C1EA0C8D8001FC70D /* Frameworks */,
				E1CCF80D1EA0C8D8001FC70D /* Resources */,
			);
			buildRules = (
			);
			dependencies = (
			);
			name = "图片处理";
			productName = "图片处理";
			productReference = E1CCF80F1EA0C8D8001FC70D /* 图片处理.app */;
			productType = "com.apple.product-type.application";
		};
/* End PBXNativeTarget section */

/* Begin PBXProject section */
		E1CCF8071EA0C8D8001FC70D /* Project object */ = {
			isa = PBXProject;
			attributes = {
				LastUpgradeCheck = 0810;
				ORGANIZATIONNAME = "朱同海";
				TargetAttributes = {
					E1CCF80E1EA0C8D8001FC70D = {
						CreatedOnToolsVersion = 8.1;
						DevelopmentTeam = 8T2MC62VZ6;
						ProvisioningStyle = Automatic;
					};
				};
			};
			buildConfigurationList = E1CCF80A1EA0C8D8001FC70D /* Build configuration list for PBXProject "图片处理" */;
			compatibilityVersion = "Xcode 3.2";
			developmentRegion = English;
			hasScannedForEncodings = 0;
			knownRegions = (
				en,
				Base,
			);
			mainGroup = E1CCF8061EA0C8D8001FC70D;
			productRefGroup = E1CCF8101EA0C8D8001FC70D /* Products */;
			projectDirPath = "";
			projectRoot = "";
			targets = (
				E1CCF80E1EA0C8D8001FC70D /* 图片处理 */,
			);
		};
/* End PBXProject section */

/* Begin PBXResourcesBuildPhase section */
		E1CCF80D1EA0C8D8001FC70D /* Resources */ = {
			isa = PBXResourcesBuildPhase;
			buildActionMask = 2147483647;
			files = (
				E1CCF8221EA0C8D8001FC70D /* LaunchScreen.storyboard in Resources */,
				E1CCF81F1EA0C8D8001FC70D /* Assets.xcassets in Resources */,
				E1CCF81D1EA0C8D8001FC70D /* Main.storyboard in Resources */,
			);
			runOnlyForDeploymentPostprocessing = 0;
		};
/* End PBXResourcesBuildPhase section */

/* Begin PBXSourcesBuildPhase section */
		E1CCF80B1EA0C8D8001FC70D /* Sources */ = {
			isa = PBXSourcesBuildPhase;
			buildActionMask = 2147483647;
			files = (
				E1CCF81A1EA0C8D8001FC70D /* ViewController.m in Sources */,
				E1CCF82C1EA0C928001FC70D /* HImageUtility.m in Sources */,
				E1AB43291EAA09A900130763 /* NSString+StringSize.m in Sources */,
				E1CCF8171EA0C8D8001FC70D /* AppDelegate.m in Sources */,
				E1CCF8141EA0C8D8001FC70D /* main.m in Sources */,
			);
			runOnlyForDeploymentPostprocessing = 0;
		};
/* End PBXSourcesBuildPhase section */

/* Begin PBXVariantGroup section */
		E1CCF81B1EA0C8D8001FC70D /* Main.storyboard */ = {
			isa = PBXVariantGroup;
			children = (
				E1CCF81C1EA0C8D8001FC70D /* Base */,
			);
			name = Main.storyboard;
			sourceTree = "<group>";
		};
		E1CCF8201EA0C8D8001FC70D /* LaunchScreen.storyboard */ = {
			isa = PBXVariantGroup;
			children = (
				E1CCF8211EA0C8D8001FC70D /* Base */,
			);
			name = LaunchScreen.storyboard;
			sourceTree = "<group>";
		};
/* End PBXVariantGroup section */

/* Begin XCBuildConfiguration section */
		E1CCF8241EA0C8D8001FC70D /* Debug */ = {
			isa = XCBuildConfiguration;
			buildSettings = {
				ALWAYS_SEARCH_USER_PATHS = NO;
				CLANG_ANALYZER_NONNULL = YES;
				CLANG_CXX_LANGUAGE_STANDARD = "gnu++0x";
				CLANG_CXX_LIBRARY = "libc++";
				CLANG_ENABLE_MODULES = YES;
				CLANG_ENABLE_OBJC_ARC = YES;
				CLANG_WARN_BOOL_CONVERSION = YES;
				CLANG_WARN_CONSTANT_CONVERSION = YES;
				CLANG_WARN_DIRECT_OBJC_ISA_USAGE = YES_ERROR;
				CLANG_WARN_DOCUMENTATION_COMMENTS = YES;
				CLANG_WARN_EMPTY_BODY = YES;
				CLANG_WARN_ENUM_CONVERSION = YES;
				CLANG_WARN_INFINITE_RECURSION = YES;
				CLANG_WARN_INT_CONVERSION = YES;
				CLANG_WARN_OBJC_ROOT_CLASS = YES_ERROR;
				CLANG_WARN_SUSPICIOUS_MOVES = YES;
				CLANG_WARN_UNREACHABLE_CODE = YES;
				CLANG_WARN__DUPLICATE_METHOD_MATCH = YES;
				"CODE_SIGN_IDENTITY[sdk=iphoneos*]" = "iPhone Developer";
				COPY_PHASE_STRIP = NO;
				DEBUG_INFORMATION_FORMAT = dwarf;
				ENABLE_STRICT_OBJC_MSGSEND = YES;
				ENABLE_TESTABILITY = YES;
				GCC_C_LANGUAGE_STANDARD = gnu99;
				GCC_DYNAMIC_NO_PIC = NO;
				GCC_NO_COMMON_BLOCKS = YES;
				GCC_OPTIMIZATION_LEVEL = 0;
				GCC_PREPROCESSOR_DEFINITIONS = (
					"DEBUG=1",
					"$(inherited)",
				);
				GCC_WARN_64_TO_32_BIT_CONVERSION = YES;
				GCC_WARN_ABOUT_RETURN_TYPE = YES_ERROR;
				GCC_WARN_UNDECLARED_SELECTOR = YES;
				GCC_WARN_UNINITIALIZED_AUTOS = YES_AGGRESSIVE;
				GCC_WARN_UNUSED_FUNCTION = YES;
				GCC_WARN_UNUSED_VARIABLE = YES;
				IPHONEOS_DEPLOYMENT_TARGET = 10.1;
				MTL_ENABLE_DEBUG_INFO = YES;
				ONLY_ACTIVE_ARCH = YES;
				SDKROOT = iphoneos;
				TARGETED_DEVICE_FAMILY = "1,2";
			};
			name = Debug;
		};
		E1CCF8251EA0C8D8001FC70D /* Release */ = {
			isa = XCBuildConfiguration;
			buildSettings = {
				ALWAYS_SEARCH_USER_PATHS = NO;
				CLANG_ANALYZER_NONNULL = YES;
				CLANG_CXX_LANGUAGE_STANDARD = "gnu++0x";
				CLANG_CXX_LIBRARY = "libc++";
				CLANG_ENABLE_MODULES = YES;
				CLANG_ENABLE_OBJC_ARC = YES;
				CLANG_WARN_BOOL_CONVERSION = YES;
				CLANG_WARN_CONSTANT_CONVERSION = YES;
				CLANG_WARN_DIRECT_OBJC_ISA_USAGE = YES_ERROR;
				CLANG_WARN_DOCUMENTATION_COMMENTS = YES;
				CLANG_WARN_EMPTY_BODY = YES;
				CLANG_WARN_ENUM_CONVERSION = YES;
				CLANG_WARN_INFINITE_RECURSION = YES;
				CLANG_WARN_INT_CONVERSION = YES;
				CLANG_WARN_OBJC_ROOT_CLASS = YES_ERROR;
				CLANG_WARN_SUSPICIOUS_MOVES = YES;
				CLANG_WARN_UNREACHABLE_CODE = YES;
				CLANG_WARN__DUPLICATE_METHOD_MATCH = YES;
				"CODE_SIGN_IDENTITY[sdk=iphoneos*]" = "iPhone Developer";
				COPY_PHASE_STRIP = NO;
				DEBUG_INFORMATION_FORMAT = "dwarf-with-dsym";
				ENABLE_NS_ASSERTIONS = NO;
				ENABLE_STRICT_OBJC_MSGSEND = YES;
				GCC_C_LANGUAGE_STANDARD = gnu99;
				GCC_NO_COMMON_BLOCKS = YES;
				GCC_WARN_64_TO_32_BIT_CONVERSION = YES;
				GCC_WARN_ABOUT_RETURN_TYPE = YES_ERROR;
				GCC_WARN_UNDECLARED_SELECTOR = YES;
				GCC_WARN_UNINITIALIZED_AUTOS = YES_AGGRESSIVE;
				GCC_WARN_UNUSED_FUNCTION = YES;
				GCC_WARN_UNUSED_VARIABLE = YES;
				IPHONEOS_DEPLOYMENT_TARGET = 10.1;
				MTL_ENABLE_DEBUG_INFO = NO;
				SDKROOT = iphoneos;
				TARGETED_DEVICE_FAMILY = "1,2";
				VALIDATE_PRODUCT = YES;
			};
			name = Release;
		};
		E1CCF8271EA0C8D8001FC70D /* Debug */ = {
			isa = XCBuildConfiguration;
			buildSettings = {
				ASSETCATALOG_COMPILER_APPICON_NAME = AppIcon;
				DEVELOPMENT_TEAM = 8T2MC62VZ6;
				INFOPLIST_FILE = "图片处理/Info.plist";
				LD_RUNPATH_SEARCH_PATHS = "$(inherited) @executable_path/Frameworks";
				PRODUCT_BUNDLE_IDENTIFIER = "com.zth.skinWhitening.----";
				PRODUCT_NAME = "$(TARGET_NAME)";
			};
			name = Debug;
		};
		E1CCF8281EA0C8D8001FC70D /* Release */ = {
			isa = XCBuildConfiguration;
			buildSettings = {
				ASSETCATALOG_COMPILER_APPICON_NAME = AppIcon;
				DEVELOPMENT_TEAM = 8T2MC62VZ6;
				INFOPLIST_FILE = "图片处理/Info.plist";
				LD_RUNPATH_SEARCH_PATHS = "$(inherited) @executable_path/Frameworks";
				PRODUCT_BUNDLE_IDENTIFIER = "com.zth.skinWhitening.----";
				PRODUCT_NAME = "$(TARGET_NAME)";
			};
			name = Release;
		};
/* End XCBuildConfiguration section */

/* Begin XCConfigurationList section */
		E1CCF80A1EA0C8D8001FC70D /* Build configuration list for PBXProject "图片处理" */ = {
			isa = XCConfigurationList;
			buildConfigurations = (
				E1CCF8241EA0C8D8001FC70D /* Debug */,
				E1CCF8251EA0C8D8001FC70D /* Release */,
			);
			defaultConfigurationIsVisible = 0;
			defaultConfigurationName = Release;
		};
		E1CCF8261EA0C8D8001FC70D /* Build configuration list for PBXNativeTarget "图片处理" */ = {
			isa = XCConfigurationList;
			buildConfigurations = (
				E1CCF8271EA0C8D8001FC70D /* Debug */,
				E1CCF8281EA0C8D8001FC70D /* Release */,
			);
			defaultConfigurationIsVisible = 0;
			defaultConfigurationName = Release;
		};
/* End XCConfigurationList section */
	};
	rootObject = E1CCF8071EA0C8D8001FC70D /* Project object */;
}
